
Microsoft Visual Studio Solution File, Format Version 12.00
# Visual Studio 15
VisualStudioVersion = 15.0.27130.0
MinimumVisualStudioVersion = 10.0.40219.1
Project("{2150E333-8FDC-42A3-9474-1A3956D46DE8}") = "src", "src", "{89EA03FA-9EF5-4F63-9984-A0AD616B462B}"
EndProject
Project("{2150E333-8FDC-42A3-9474-1A3956D46DE8}") = "Solution Items", "Solution Items", "{385B6FCE-0674-4827-A595-F57640F8F5F3}"
EndProject
Project("{2150E333-8FDC-42A3-9474-1A3956D46DE8}") = "test", "test", "{C5A56764-9753-4CE3-9BA7-DD01FA00C451}"
EndProject
Project("{9A19103F-16F7-4668-BE54-9A1E7A4F7556}") = "Bakery", "src\Bakery\Bakery.csproj", "{068400C9-0DD2-4351-A10D-279188A0E957}"
EndProject
Project("{9A19103F-16F7-4668-BE54-9A1E7A4F7556}") = "Bakery.Properties", "src\Bakery.Properties\Bakery.Properties.csproj", "{CF8408F2-32B1-49F0-8E93-7CE079E47072}"
EndProject
Project("{9A19103F-16F7-4668-BE54-9A1E7A4F7556}") = "Bakery.Uuid", "src\Bakery.Uuid\Bakery.Uuid.csproj", "{22D988BB-64D7-4C79-98A8-D03D9DDC7862}"
EndProject
Project("{9A19103F-16F7-4668-BE54-9A1E7A4F7556}") = "Bakery.Logging", "src\Bakery.Logging\Bakery.Logging.csproj", "{E409D2DB-9FF7-4E16-9894-1FBA28B546A8}"
EndProject
Project("{9A19103F-16F7-4668-BE54-9A1E7A4F7556}") = "Bakery.Mail", "src\Bakery.Mail\Bakery.Mail.csproj", "{58E883C5-26C4-4565-8045-FE8F2835C106}"
EndProject
Project("{9A19103F-16F7-4668-BE54-9A1E7A4F7556}") = "Bakery.Mail.MailKit", "src\Bakery.Mail.MailKit\Bakery.Mail.MailKit.csproj", "{A975BC28-6829-4739-B799-7149A5660252}"
EndProject
Project("{9A19103F-16F7-4668-BE54-9A1E7A4F7556}") = "Bakery.Time", "src\Bakery.Time\Bakery.Time.csproj", "{20355BF2-ABC6-4DAA-8C3B-F18EF7CC36AE}"
EndProject
Project("{9A19103F-16F7-4668-BE54-9A1E7A4F7556}") = "Bakery.Caching", "src\Bakery.Caching\Bakery.Caching.csproj", "{E6864E89-3501-493B-8277-BC2F5B9C0CA0}"
EndProject
Project("{9A19103F-16F7-4668-BE54-9A1E7A4F7556}") = "Bakery.Security", "src\Bakery.Security\Bakery.Security.csproj", "{6AEC0DF1-E5F0-4FF4-A302-F5F30BF1EC30}"
EndProject
Project("{9A19103F-16F7-4668-BE54-9A1E7A4F7556}") = "Bakery.Text", "src\Bakery.Text\Bakery.Text.csproj", "{6E9226E7-2D1A-47AC-8B9F-A86F57170C95}"
EndProject
Project("{9A19103F-16F7-4668-BE54-9A1E7A4F7556}") = "Bakery.Text.Json", "src\Bakery.Text.Json\Bakery.Text.Json.csproj", "{678808FD-C3AD-478E-82F1-DBBFB217C712}"
EndProject
Project("{9A19103F-16F7-4668-BE54-9A1E7A4F7556}") = "Bakery.Uuid.Tests", "test\Bakery.Uuid.Tests\Bakery.Uuid.Tests.csproj", "{515C87C4-C46A-4A07-8B36-8BBDBAA838E3}"
EndProject
Project("{9A19103F-16F7-4668-BE54-9A1E7A4F7556}") = "Bakery.Time.Tests", "test\Bakery.Time.Tests\Bakery.Time.Tests.csproj", "{08C912AC-6808-4B49-8C47-40E4610850FD}"
EndProject
Project("{9A19103F-16F7-4668-BE54-9A1E7A4F7556}") = "Bakery.Composition.Microsoft", "src\Bakery.Composition.Microsoft\Bakery.Composition.Microsoft.csproj", "{68200EAD-9623-424E-B127-64113DCC81DA}"
EndProject
Project("{9A19103F-16F7-4668-BE54-9A1E7A4F7556}") = "Bakery.Events", "src\Bakery.Events\Bakery.Events.csproj", "{0CB06DE4-D47E-4A8D-8EBC-476E52E573DB}"
EndProject
Project("{9A19103F-16F7-4668-BE54-9A1E7A4F7556}") = "Bakery.Events.Amazon", "src\Bakery.Events.Amazon\Bakery.Events.Amazon.csproj", "{A698BC8E-9A64-4B7D-8EC2-336450080B63}"
EndProject
Project("{9A19103F-16F7-4668-BE54-9A1E7A4F7556}") = "Bakery.Events.AspNetCore", "src\Bakery.Events.AspNetCore\Bakery.Events.AspNetCore.csproj", "{A103E6E1-7CA3-4073-BB4B-A4034182A4F9}"
EndProject
Project("{9A19103F-16F7-4668-BE54-9A1E7A4F7556}") = "Bakery.Processes", "src\Bakery.Processes\Bakery.Processes.csproj", "{DCD5D029-55A8-4456-9A75-91E7F6E6E1D4}"
EndProject
Project("{9A19103F-16F7-4668-BE54-9A1E7A4F7556}") = "Bakery.Collections", "src\Bakery.Collections\Bakery.Collections.csproj", "{47909B20-DA59-4728-B286-4E6E5253AE01}"
EndProject
Project("{9A19103F-16F7-4668-BE54-9A1E7A4F7556}") = "Bakery.Exceptions", "src\Bakery.Exceptions\Bakery.Exceptions.csproj", "{86BA9482-63A5-4BAA-B354-F7AD5BF2EB6A}"
EndProject
Project("{9A19103F-16F7-4668-BE54-9A1E7A4F7556}") = "Bakery.Collections.Tests", "test\Bakery.Collections.Tests\Bakery.Collections.Tests.csproj", "{92C95A05-2F5C-4920-8B56-9E0FF8978A02}"
EndProject
Project("{9A19103F-16F7-4668-BE54-9A1E7A4F7556}") = "Bakery.Processes.Tests", "test\Bakery.Processes.Tests\Bakery.Processes.Tests.csproj", "{D963B33E-B64E-4401-A550-5B1B99AFB396}"
EndProject
Project("{9A19103F-16F7-4668-BE54-9A1E7A4F7556}") = "Bakery.Composition.SimpleInjector", "src\Bakery.Composition.SimpleInjector\Bakery.Composition.SimpleInjector.csproj", "{24E1A894-E5AD-47C2-B40D-415F802EACF8}"
EndProject
Project("{9A19103F-16F7-4668-BE54-9A1E7A4F7556}") = "Bakery.Hashing", "src\Bakery.Hashing\Bakery.Hashing.csproj", "{EADB7523-886B-4F60-A288-AEF763283279}"
EndProject
Project("{9A19103F-16F7-4668-BE54-9A1E7A4F7556}") = "Bakery.Cqrs", "src\Bakery.Cqrs\Bakery.Cqrs.csproj", "{506D3CDE-8399-4580-A694-587F66BCC04B}"
EndProject
Project("{9A19103F-16F7-4668-BE54-9A1E7A4F7556}") = "Bakery.Cqrs.SimpleInjector", "src\Bakery.Cqrs.SimpleInjector\Bakery.Cqrs.SimpleInjector.csproj", "{68A9B49C-D51D-4885-B181-846B54B92477}"
EndProject
Project("{9A19103F-16F7-4668-BE54-9A1E7A4F7556}") = "Bakery.Cqrs.SimpleInjector.Tests", "test\Bakery.Cqrs.SimpleInjector.Tests\Bakery.Cqrs.SimpleInjector.Tests.csproj", "{4B293B61-4DFF-45F5-AFD2-4746464BBFB4}"
EndProject
Project("{9A19103F-16F7-4668-BE54-9A1E7A4F7556}") = "Bakery.Concurrency", "src\Bakery.Concurrency\Bakery.Concurrency.csproj", "{3F4B0364-E91B-4596-86DC-5674756030DC}"
EndProject
Project("{9A19103F-16F7-4668-BE54-9A1E7A4F7556}") = "Bakery.Concurrency.Tests", "test\Bakery.Concurrency.Tests\Bakery.Concurrency.Tests.csproj", "{0E44C610-A387-45D5-92B2-FDDDDCF422B4}"
EndProject
Project("{9A19103F-16F7-4668-BE54-9A1E7A4F7556}") = "Bakery.Math", "src\Bakery.Math\Bakery.Math.csproj", "{A2F59BB2-C4B1-4C70-A693-F960F698DB2E}"
EndProject
Project("{9A19103F-16F7-4668-BE54-9A1E7A4F7556}") = "Bakery.Transput", "src\Bakery.Transput\Bakery.Transput.csproj", "{F3E50EEA-6F3B-449C-BB28-8BC3DFD9DC45}"
EndProject
Project("{9A19103F-16F7-4668-BE54-9A1E7A4F7556}") = "Bakery.Programs", "src\Bakery.Programs\Bakery.Programs.csproj", "{0AEBB1B6-FA74-4161-9509-BE0FA08FEB38}"
EndProject
Project("{FAE04EC0-301F-11D3-BF4B-00C04F79EFBC}") = "Bakery.Metrics", "src\Bakery.Metrics\Bakery.Metrics.csproj", "{29BF83F2-7CB0-471F-BDF6-C3C4FF960C93}"
EndProject
Global
	GlobalSection(SolutionConfigurationPlatforms) = preSolution
		Debug|Any CPU = Debug|Any CPU
		Release|Any CPU = Release|Any CPU
	EndGlobalSection
	GlobalSection(ProjectConfigurationPlatforms) = postSolution
		{068400C9-0DD2-4351-A10D-279188A0E957}.Debug|Any CPU.ActiveCfg = Debug|Any CPU
		{068400C9-0DD2-4351-A10D-279188A0E957}.Debug|Any CPU.Build.0 = Debug|Any CPU
		{068400C9-0DD2-4351-A10D-279188A0E957}.Release|Any CPU.ActiveCfg = Release|Any CPU
		{068400C9-0DD2-4351-A10D-279188A0E957}.Release|Any CPU.Build.0 = Release|Any CPU
		{CF8408F2-32B1-49F0-8E93-7CE079E47072}.Debug|Any CPU.ActiveCfg = Debug|Any CPU
		{CF8408F2-32B1-49F0-8E93-7CE079E47072}.Debug|Any CPU.Build.0 = Debug|Any CPU
		{CF8408F2-32B1-49F0-8E93-7CE079E47072}.Release|Any CPU.ActiveCfg = Release|Any CPU
		{CF8408F2-32B1-49F0-8E93-7CE079E47072}.Release|Any CPU.Build.0 = Release|Any CPU
		{22D988BB-64D7-4C79-98A8-D03D9DDC7862}.Debug|Any CPU.ActiveCfg = Debug|Any CPU
		{22D988BB-64D7-4C79-98A8-D03D9DDC7862}.Debug|Any CPU.Build.0 = Debug|Any CPU
		{22D988BB-64D7-4C79-98A8-D03D9DDC7862}.Release|Any CPU.ActiveCfg = Release|Any CPU
		{22D988BB-64D7-4C79-98A8-D03D9DDC7862}.Release|Any CPU.Build.0 = Release|Any CPU
		{E409D2DB-9FF7-4E16-9894-1FBA28B546A8}.Debug|Any CPU.ActiveCfg = Debug|Any CPU
		{E409D2DB-9FF7-4E16-9894-1FBA28B546A8}.Debug|Any CPU.Build.0 = Debug|Any CPU
		{E409D2DB-9FF7-4E16-9894-1FBA28B546A8}.Release|Any CPU.ActiveCfg = Release|Any CPU
		{E409D2DB-9FF7-4E16-9894-1FBA28B546A8}.Release|Any CPU.Build.0 = Release|Any CPU
		{58E883C5-26C4-4565-8045-FE8F2835C106}.Debug|Any CPU.ActiveCfg = Debug|Any CPU
		{58E883C5-26C4-4565-8045-FE8F2835C106}.Debug|Any CPU.Build.0 = Debug|Any CPU
		{58E883C5-26C4-4565-8045-FE8F2835C106}.Release|Any CPU.ActiveCfg = Release|Any CPU
		{58E883C5-26C4-4565-8045-FE8F2835C106}.Release|Any CPU.Build.0 = Release|Any CPU
		{A975BC28-6829-4739-B799-7149A5660252}.Debug|Any CPU.ActiveCfg = Debug|Any CPU
		{A975BC28-6829-4739-B799-7149A5660252}.Debug|Any CPU.Build.0 = Debug|Any CPU
		{A975BC28-6829-4739-B799-7149A5660252}.Release|Any CPU.ActiveCfg = Release|Any CPU
		{A975BC28-6829-4739-B799-7149A5660252}.Release|Any CPU.Build.0 = Release|Any CPU
		{20355BF2-ABC6-4DAA-8C3B-F18EF7CC36AE}.Debug|Any CPU.ActiveCfg = Debug|Any CPU
		{20355BF2-ABC6-4DAA-8C3B-F18EF7CC36AE}.Debug|Any CPU.Build.0 = Debug|Any CPU
		{20355BF2-ABC6-4DAA-8C3B-F18EF7CC36AE}.Release|Any CPU.ActiveCfg = Release|Any CPU
		{20355BF2-ABC6-4DAA-8C3B-F18EF7CC36AE}.Release|Any CPU.Build.0 = Release|Any CPU
		{E6864E89-3501-493B-8277-BC2F5B9C0CA0}.Debug|Any CPU.ActiveCfg = Debug|Any CPU
		{E6864E89-3501-493B-8277-BC2F5B9C0CA0}.Debug|Any CPU.Build.0 = Debug|Any CPU
		{E6864E89-3501-493B-8277-BC2F5B9C0CA0}.Release|Any CPU.ActiveCfg = Release|Any CPU
		{E6864E89-3501-493B-8277-BC2F5B9C0CA0}.Release|Any CPU.Build.0 = Release|Any CPU
		{6AEC0DF1-E5F0-4FF4-A302-F5F30BF1EC30}.Debug|Any CPU.ActiveCfg = Debug|Any CPU
		{6AEC0DF1-E5F0-4FF4-A302-F5F30BF1EC30}.Debug|Any CPU.Build.0 = Debug|Any CPU
		{6AEC0DF1-E5F0-4FF4-A302-F5F30BF1EC30}.Release|Any CPU.ActiveCfg = Release|Any CPU
		{6AEC0DF1-E5F0-4FF4-A302-F5F30BF1EC30}.Release|Any CPU.Build.0 = Release|Any CPU
		{6E9226E7-2D1A-47AC-8B9F-A86F57170C95}.Debug|Any CPU.ActiveCfg = Debug|Any CPU
		{6E9226E7-2D1A-47AC-8B9F-A86F57170C95}.Debug|Any CPU.Build.0 = Debug|Any CPU
		{6E9226E7-2D1A-47AC-8B9F-A86F57170C95}.Release|Any CPU.ActiveCfg = Release|Any CPU
		{6E9226E7-2D1A-47AC-8B9F-A86F57170C95}.Release|Any CPU.Build.0 = Release|Any CPU
		{678808FD-C3AD-478E-82F1-DBBFB217C712}.Debug|Any CPU.ActiveCfg = Debug|Any CPU
		{678808FD-C3AD-478E-82F1-DBBFB217C712}.Debug|Any CPU.Build.0 = Debug|Any CPU
		{678808FD-C3AD-478E-82F1-DBBFB217C712}.Release|Any CPU.ActiveCfg = Release|Any CPU
		{678808FD-C3AD-478E-82F1-DBBFB217C712}.Release|Any CPU.Build.0 = Release|Any CPU
		{515C87C4-C46A-4A07-8B36-8BBDBAA838E3}.Debug|Any CPU.ActiveCfg = Debug|Any CPU
		{515C87C4-C46A-4A07-8B36-8BBDBAA838E3}.Debug|Any CPU.Build.0 = Debug|Any CPU
		{515C87C4-C46A-4A07-8B36-8BBDBAA838E3}.Release|Any CPU.ActiveCfg = Release|Any CPU
		{515C87C4-C46A-4A07-8B36-8BBDBAA838E3}.Release|Any CPU.Build.0 = Release|Any CPU
		{08C912AC-6808-4B49-8C47-40E4610850FD}.Debug|Any CPU.ActiveCfg = Debug|Any CPU
		{08C912AC-6808-4B49-8C47-40E4610850FD}.Debug|Any CPU.Build.0 = Debug|Any CPU
		{08C912AC-6808-4B49-8C47-40E4610850FD}.Release|Any CPU.ActiveCfg = Release|Any CPU
		{08C912AC-6808-4B49-8C47-40E4610850FD}.Release|Any CPU.Build.0 = Release|Any CPU
		{68200EAD-9623-424E-B127-64113DCC81DA}.Debug|Any CPU.ActiveCfg = Debug|Any CPU
		{68200EAD-9623-424E-B127-64113DCC81DA}.Debug|Any CPU.Build.0 = Debug|Any CPU
		{68200EAD-9623-424E-B127-64113DCC81DA}.Release|Any CPU.ActiveCfg = Release|Any CPU
		{68200EAD-9623-424E-B127-64113DCC81DA}.Release|Any CPU.Build.0 = Release|Any CPU
		{0CB06DE4-D47E-4A8D-8EBC-476E52E573DB}.Debug|Any CPU.ActiveCfg = Debug|Any CPU
		{0CB06DE4-D47E-4A8D-8EBC-476E52E573DB}.Debug|Any CPU.Build.0 = Debug|Any CPU
		{0CB06DE4-D47E-4A8D-8EBC-476E52E573DB}.Release|Any CPU.ActiveCfg = Release|Any CPU
		{0CB06DE4-D47E-4A8D-8EBC-476E52E573DB}.Release|Any CPU.Build.0 = Release|Any CPU
		{A698BC8E-9A64-4B7D-8EC2-336450080B63}.Debug|Any CPU.ActiveCfg = Debug|Any CPU
		{A698BC8E-9A64-4B7D-8EC2-336450080B63}.Debug|Any CPU.Build.0 = Debug|Any CPU
		{A698BC8E-9A64-4B7D-8EC2-336450080B63}.Release|Any CPU.ActiveCfg = Release|Any CPU
		{A698BC8E-9A64-4B7D-8EC2-336450080B63}.Release|Any CPU.Build.0 = Release|Any CPU
		{A103E6E1-7CA3-4073-BB4B-A4034182A4F9}.Debug|Any CPU.ActiveCfg = Debug|Any CPU
		{A103E6E1-7CA3-4073-BB4B-A4034182A4F9}.Debug|Any CPU.Build.0 = Debug|Any CPU
		{A103E6E1-7CA3-4073-BB4B-A4034182A4F9}.Release|Any CPU.ActiveCfg = Release|Any CPU
		{A103E6E1-7CA3-4073-BB4B-A4034182A4F9}.Release|Any CPU.Build.0 = Release|Any CPU
		{DCD5D029-55A8-4456-9A75-91E7F6E6E1D4}.Debug|Any CPU.ActiveCfg = Debug|Any CPU
		{DCD5D029-55A8-4456-9A75-91E7F6E6E1D4}.Debug|Any CPU.Build.0 = Debug|Any CPU
		{DCD5D029-55A8-4456-9A75-91E7F6E6E1D4}.Release|Any CPU.ActiveCfg = Release|Any CPU
		{DCD5D029-55A8-4456-9A75-91E7F6E6E1D4}.Release|Any CPU.Build.0 = Release|Any CPU
		{47909B20-DA59-4728-B286-4E6E5253AE01}.Debug|Any CPU.ActiveCfg = Debug|Any CPU
		{47909B20-DA59-4728-B286-4E6E5253AE01}.Debug|Any CPU.Build.0 = Debug|Any CPU
		{47909B20-DA59-4728-B286-4E6E5253AE01}.Release|Any CPU.ActiveCfg = Release|Any CPU
		{47909B20-DA59-4728-B286-4E6E5253AE01}.Release|Any CPU.Build.0 = Release|Any CPU
		{86BA9482-63A5-4BAA-B354-F7AD5BF2EB6A}.Debug|Any CPU.ActiveCfg = Debug|Any CPU
		{86BA9482-63A5-4BAA-B354-F7AD5BF2EB6A}.Debug|Any CPU.Build.0 = Debug|Any CPU
		{86BA9482-63A5-4BAA-B354-F7AD5BF2EB6A}.Release|Any CPU.ActiveCfg = Release|Any CPU
		{86BA9482-63A5-4BAA-B354-F7AD5BF2EB6A}.Release|Any CPU.Build.0 = Release|Any CPU
		{92C95A05-2F5C-4920-8B56-9E0FF8978A02}.Debug|Any CPU.ActiveCfg = Debug|Any CPU
		{92C95A05-2F5C-4920-8B56-9E0FF8978A02}.Debug|Any CPU.Build.0 = Debug|Any CPU
		{92C95A05-2F5C-4920-8B56-9E0FF8978A02}.Release|Any CPU.ActiveCfg = Release|Any CPU
		{92C95A05-2F5C-4920-8B56-9E0FF8978A02}.Release|Any CPU.Build.0 = Release|Any CPU
		{D963B33E-B64E-4401-A550-5B1B99AFB396}.Debug|Any CPU.ActiveCfg = Debug|Any CPU
		{D963B33E-B64E-4401-A550-5B1B99AFB396}.Debug|Any CPU.Build.0 = Debug|Any CPU
		{D963B33E-B64E-4401-A550-5B1B99AFB396}.Release|Any CPU.ActiveCfg = Release|Any CPU
		{D963B33E-B64E-4401-A550-5B1B99AFB396}.Release|Any CPU.Build.0 = Release|Any CPU
		{24E1A894-E5AD-47C2-B40D-415F802EACF8}.Debug|Any CPU.ActiveCfg = Debug|Any CPU
		{24E1A894-E5AD-47C2-B40D-415F802EACF8}.Debug|Any CPU.Build.0 = Debug|Any CPU
		{24E1A894-E5AD-47C2-B40D-415F802EACF8}.Release|Any CPU.ActiveCfg = Release|Any CPU
		{24E1A894-E5AD-47C2-B40D-415F802EACF8}.Release|Any CPU.Build.0 = Release|Any CPU
		{EADB7523-886B-4F60-A288-AEF763283279}.Debug|Any CPU.ActiveCfg = Debug|Any CPU
		{EADB7523-886B-4F60-A288-AEF763283279}.Debug|Any CPU.Build.0 = Debug|Any CPU
		{EADB7523-886B-4F60-A288-AEF763283279}.Release|Any CPU.ActiveCfg = Release|Any CPU
		{EADB7523-886B-4F60-A288-AEF763283279}.Release|Any CPU.Build.0 = Release|Any CPU
		{506D3CDE-8399-4580-A694-587F66BCC04B}.Debug|Any CPU.ActiveCfg = Debug|Any CPU
		{506D3CDE-8399-4580-A694-587F66BCC04B}.Debug|Any CPU.Build.0 = Debug|Any CPU
		{506D3CDE-8399-4580-A694-587F66BCC04B}.Release|Any CPU.ActiveCfg = Release|Any CPU
		{506D3CDE-8399-4580-A694-587F66BCC04B}.Release|Any CPU.Build.0 = Release|Any CPU
		{68A9B49C-D51D-4885-B181-846B54B92477}.Debug|Any CPU.ActiveCfg = Debug|Any CPU
		{68A9B49C-D51D-4885-B181-846B54B92477}.Debug|Any CPU.Build.0 = Debug|Any CPU
		{68A9B49C-D51D-4885-B181-846B54B92477}.Release|Any CPU.ActiveCfg = Release|Any CPU
		{68A9B49C-D51D-4885-B181-846B54B92477}.Release|Any CPU.Build.0 = Release|Any CPU
		{4B293B61-4DFF-45F5-AFD2-4746464BBFB4}.Debug|Any CPU.ActiveCfg = Debug|Any CPU
		{4B293B61-4DFF-45F5-AFD2-4746464BBFB4}.Debug|Any CPU.Build.0 = Debug|Any CPU
		{4B293B61-4DFF-45F5-AFD2-4746464BBFB4}.Release|Any CPU.ActiveCfg = Release|Any CPU
		{4B293B61-4DFF-45F5-AFD2-4746464BBFB4}.Release|Any CPU.Build.0 = Release|Any CPU
		{3F4B0364-E91B-4596-86DC-5674756030DC}.Debug|Any CPU.ActiveCfg = Debug|Any CPU
		{3F4B0364-E91B-4596-86DC-5674756030DC}.Debug|Any CPU.Build.0 = Debug|Any CPU
		{3F4B0364-E91B-4596-86DC-5674756030DC}.Release|Any CPU.ActiveCfg = Release|Any CPU
		{3F4B0364-E91B-4596-86DC-5674756030DC}.Release|Any CPU.Build.0 = Release|Any CPU
		{0E44C610-A387-45D5-92B2-FDDDDCF422B4}.Debug|Any CPU.ActiveCfg = Debug|Any CPU
		{0E44C610-A387-45D5-92B2-FDDDDCF422B4}.Debug|Any CPU.Build.0 = Debug|Any CPU
		{0E44C610-A387-45D5-92B2-FDDDDCF422B4}.Release|Any CPU.ActiveCfg = Release|Any CPU
		{0E44C610-A387-45D5-92B2-FDDDDCF422B4}.Release|Any CPU.Build.0 = Release|Any CPU
		{A2F59BB2-C4B1-4C70-A693-F960F698DB2E}.Debug|Any CPU.ActiveCfg = Debug|Any CPU
		{A2F59BB2-C4B1-4C70-A693-F960F698DB2E}.Debug|Any CPU.Build.0 = Debug|Any CPU
		{A2F59BB2-C4B1-4C70-A693-F960F698DB2E}.Release|Any CPU.ActiveCfg = Release|Any CPU
		{A2F59BB2-C4B1-4C70-A693-F960F698DB2E}.Release|Any CPU.Build.0 = Release|Any CPU
		{F3E50EEA-6F3B-449C-BB28-8BC3DFD9DC45}.Debug|Any CPU.ActiveCfg = Debug|Any CPU
		{F3E50EEA-6F3B-449C-BB28-8BC3DFD9DC45}.Debug|Any CPU.Build.0 = Debug|Any CPU
		{F3E50EEA-6F3B-449C-BB28-8BC3DFD9DC45}.Release|Any CPU.ActiveCfg = Release|Any CPU
		{F3E50EEA-6F3B-449C-BB28-8BC3DFD9DC45}.Release|Any CPU.Build.0 = Release|Any CPU
		{0AEBB1B6-FA74-4161-9509-BE0FA08FEB38}.Debug|Any CPU.ActiveCfg = Debug|Any CPU
		{0AEBB1B6-FA74-4161-9509-BE0FA08FEB38}.Debug|Any CPU.Build.0 = Debug|Any CPU
		{0AEBB1B6-FA74-4161-9509-BE0FA08FEB38}.Release|Any CPU.ActiveCfg = Release|Any CPU
		{0AEBB1B6-FA74-4161-9509-BE0FA08FEB38}.Release|Any CPU.Build.0 = Release|Any CPU
		{29BF83F2-7CB0-471F-BDF6-C3C4FF960C93}.Debug|Any CPU.ActiveCfg = Debug|Any CPU
		{29BF83F2-7CB0-471F-BDF6-C3C4FF960C93}.Debug|Any CPU.Build.0 = Debug|Any CPU
		{29BF83F2-7CB0-471F-BDF6-C3C4FF960C93}.Release|Any CPU.ActiveCfg = Release|Any CPU
		{29BF83F2-7CB0-471F-BDF6-C3C4FF960C93}.Release|Any CPU.Build.0 = Release|Any CPU
	EndGlobalSection
	GlobalSection(SolutionProperties) = preSolution
		HideSolutionNode = FALSE
	EndGlobalSection
	GlobalSection(NestedProjects) = preSolution
		{068400C9-0DD2-4351-A10D-279188A0E957} = {89EA03FA-9EF5-4F63-9984-A0AD616B462B}
		{CF8408F2-32B1-49F0-8E93-7CE079E47072} = {89EA03FA-9EF5-4F63-9984-A0AD616B462B}
		{22D988BB-64D7-4C79-98A8-D03D9DDC7862} = {89EA03FA-9EF5-4F63-9984-A0AD616B462B}
		{E409D2DB-9FF7-4E16-9894-1FBA28B546A8} = {89EA03FA-9EF5-4F63-9984-A0AD616B462B}
		{58E883C5-26C4-4565-8045-FE8F2835C106} = {89EA03FA-9EF5-4F63-9984-A0AD616B462B}
		{A975BC28-6829-4739-B799-7149A5660252} = {89EA03FA-9EF5-4F63-9984-A0AD616B462B}
		{20355BF2-ABC6-4DAA-8C3B-F18EF7CC36AE} = {89EA03FA-9EF5-4F63-9984-A0AD616B462B}
		{E6864E89-3501-493B-8277-BC2F5B9C0CA0} = {89EA03FA-9EF5-4F63-9984-A0AD616B462B}
		{6AEC0DF1-E5F0-4FF4-A302-F5F30BF1EC30} = {89EA03FA-9EF5-4F63-9984-A0AD616B462B}
		{6E9226E7-2D1A-47AC-8B9F-A86F57170C95} = {89EA03FA-9EF5-4F63-9984-A0AD616B462B}
		{678808FD-C3AD-478E-82F1-DBBFB217C712} = {89EA03FA-9EF5-4F63-9984-A0AD616B462B}
		{515C87C4-C46A-4A07-8B36-8BBDBAA838E3} = {C5A56764-9753-4CE3-9BA7-DD01FA00C451}
		{08C912AC-6808-4B49-8C47-40E4610850FD} = {C5A56764-9753-4CE3-9BA7-DD01FA00C451}
		{68200EAD-9623-424E-B127-64113DCC81DA} = {89EA03FA-9EF5-4F63-9984-A0AD616B462B}
		{0CB06DE4-D47E-4A8D-8EBC-476E52E573DB} = {89EA03FA-9EF5-4F63-9984-A0AD616B462B}
		{A698BC8E-9A64-4B7D-8EC2-336450080B63} = {89EA03FA-9EF5-4F63-9984-A0AD616B462B}
		{A103E6E1-7CA3-4073-BB4B-A4034182A4F9} = {89EA03FA-9EF5-4F63-9984-A0AD616B462B}
		{DCD5D029-55A8-4456-9A75-91E7F6E6E1D4} = {89EA03FA-9EF5-4F63-9984-A0AD616B462B}
		{47909B20-DA59-4728-B286-4E6E5253AE01} = {89EA03FA-9EF5-4F63-9984-A0AD616B462B}
		{86BA9482-63A5-4BAA-B354-F7AD5BF2EB6A} = {89EA03FA-9EF5-4F63-9984-A0AD616B462B}
		{92C95A05-2F5C-4920-8B56-9E0FF8978A02} = {C5A56764-9753-4CE3-9BA7-DD01FA00C451}
		{D963B33E-B64E-4401-A550-5B1B99AFB396} = {C5A56764-9753-4CE3-9BA7-DD01FA00C451}
		{24E1A894-E5AD-47C2-B40D-415F802EACF8} = {89EA03FA-9EF5-4F63-9984-A0AD616B462B}
		{EADB7523-886B-4F60-A288-AEF763283279} = {89EA03FA-9EF5-4F63-9984-A0AD616B462B}
		{506D3CDE-8399-4580-A694-587F66BCC04B} = {89EA03FA-9EF5-4F63-9984-A0AD616B462B}
		{68A9B49C-D51D-4885-B181-846B54B92477} = {89EA03FA-9EF5-4F63-9984-A0AD616B462B}
		{4B293B61-4DFF-45F5-AFD2-4746464BBFB4} = {C5A56764-9753-4CE3-9BA7-DD01FA00C451}
		{3F4B0364-E91B-4596-86DC-5674756030DC} = {89EA03FA-9EF5-4F63-9984-A0AD616B462B}
		{0E44C610-A387-45D5-92B2-FDDDDCF422B4} = {C5A56764-9753-4CE3-9BA7-DD01FA00C451}
		{A2F59BB2-C4B1-4C70-A693-F960F698DB2E} = {89EA03FA-9EF5-4F63-9984-A0AD616B462B}
		{F3E50EEA-6F3B-449C-BB28-8BC3DFD9DC45} = {89EA03FA-9EF5-4F63-9984-A0AD616B462B}
		{0AEBB1B6-FA74-4161-9509-BE0FA08FEB38} = {89EA03FA-9EF5-4F63-9984-A0AD616B462B}
		{29BF83F2-7CB0-471F-BDF6-C3C4FF960C93} = {89EA03FA-9EF5-4F63-9984-A0AD616B462B}
	EndGlobalSection
	GlobalSection(ExtensibilityGlobals) = postSolution
		SolutionGuid = {93FF05FA-8BD7-4C79-A7AD-9671FC5AC7F1}
	EndGlobalSection
EndGlobal
