
Microsoft Visual Studio Solution File, Format Version 12.00
# Visual Studio 14
VisualStudioVersion = 14.0.25420.1
MinimumVisualStudioVersion = 10.0.40219.1
Project("{2150E333-8FDC-42A3-9474-1A3956D46DE8}") = "src", "src", "{89EA03FA-9EF5-4F63-9984-A0AD616B462B}"
EndProject
Project("{2150E333-8FDC-42A3-9474-1A3956D46DE8}") = "Solution Items", "Solution Items", "{385B6FCE-0674-4827-A595-F57640F8F5F3}"
	ProjectSection(SolutionItems) = preProject
		global.json = global.json
	EndProjectSection
EndProject
Project("{8BB2217D-0F2D-49D1-97BC-3654ED321F3B}") = "Bakery", "src\Bakery\Bakery.xproj", "{068400C9-0DD2-4351-A10D-279188A0E957}"
EndProject
Project("{8BB2217D-0F2D-49D1-97BC-3654ED321F3B}") = "Bakery.Properties", "src\Bakery.Properties\Bakery.Properties.xproj", "{CF8408F2-32B1-49F0-8E93-7CE079E47072}"
EndProject
Project("{8BB2217D-0F2D-49D1-97BC-3654ED321F3B}") = "Bakery.Uuid", "src\Bakery.Uuid\Bakery.Uuid.xproj", "{22D988BB-64D7-4C79-98A8-D03D9DDC7862}"
EndProject
Project("{8BB2217D-0F2D-49D1-97BC-3654ED321F3B}") = "Bakery.Logging", "src\Bakery.Logging\Bakery.Logging.xproj", "{E409D2DB-9FF7-4E16-9894-1FBA28B546A8}"
EndProject
Project("{8BB2217D-0F2D-49D1-97BC-3654ED321F3B}") = "Bakery.Mail", "src\Bakery.Mail\Bakery.Mail.xproj", "{58E883C5-26C4-4565-8045-FE8F2835C106}"
EndProject
Project("{8BB2217D-0F2D-49D1-97BC-3654ED321F3B}") = "Bakery.Mail.MailKit", "src\Bakery.Mail.MailKit\Bakery.Mail.MailKit.xproj", "{A975BC28-6829-4739-B799-7149A5660252}"
EndProject
Project("{8BB2217D-0F2D-49D1-97BC-3654ED321F3B}") = "Bakery.Time", "src\Bakery.Time\Bakery.Time.xproj", "{20355BF2-ABC6-4DAA-8C3B-F18EF7CC36AE}"
EndProject
Project("{8BB2217D-0F2D-49D1-97BC-3654ED321F3B}") = "Bakery.Caching", "src\Bakery.Caching\Bakery.Caching.xproj", "{E6864E89-3501-493B-8277-BC2F5B9C0CA0}"
EndProject
Project("{8BB2217D-0F2D-49D1-97BC-3654ED321F3B}") = "Bakery.Security", "src\Bakery.Security\Bakery.Security.xproj", "{6AEC0DF1-E5F0-4FF4-A302-F5F30BF1EC30}"
EndProject
Project("{8BB2217D-0F2D-49D1-97BC-3654ED321F3B}") = "Bakery.Text", "src\Bakery.Text\Bakery.Text.xproj", "{6E9226E7-2D1A-47AC-8B9F-A86F57170C95}"
EndProject
Project("{8BB2217D-0F2D-49D1-97BC-3654ED321F3B}") = "Bakery.Text.Json", "src\Bakery.Text.Json\Bakery.Text.Json.xproj", "{678808FD-C3AD-478E-82F1-DBBFB217C712}"
EndProject
Project("{2150E333-8FDC-42A3-9474-1A3956D46DE8}") = "test", "test", "{C5A56764-9753-4CE3-9BA7-DD01FA00C451}"
EndProject
Project("{8BB2217D-0F2D-49D1-97BC-3654ED321F3B}") = "Bakery.Uuid.Tests", "test\Bakery.Uuid.Tests\Bakery.Uuid.Tests.xproj", "{515C87C4-C46A-4A07-8B36-8BBDBAA838E3}"
EndProject
Project("{8BB2217D-0F2D-49D1-97BC-3654ED321F3B}") = "Bakery.Time.Tests", "test\Bakery.Time.Tests\Bakery.Time.Tests.xproj", "{08C912AC-6808-4B49-8C47-40E4610850FD}"
EndProject
Project("{8BB2217D-0F2D-49D1-97BC-3654ED321F3B}") = "Bakery.Composition.Microsoft", "src\Bakery.Composition.Microsoft\Bakery.Composition.Microsoft.xproj", "{68200EAD-9623-424E-B127-64113DCC81DA}"
EndProject
Project("{8BB2217D-0F2D-49D1-97BC-3654ED321F3B}") = "Bakery.Events", "src\Bakery.Events\Bakery.Events.xproj", "{0CB06DE4-D47E-4A8D-8EBC-476E52E573DB}"
EndProject
Project("{8BB2217D-0F2D-49D1-97BC-3654ED321F3B}") = "Bakery.Events.Amazon", "src\Bakery.Events.Amazon\Bakery.Events.Amazon.xproj", "{A698BC8E-9A64-4B7D-8EC2-336450080B63}"
EndProject
Project("{8BB2217D-0F2D-49D1-97BC-3654ED321F3B}") = "Bakery.Events.AspNetCore", "src\Bakery.Events.AspNetCore\Bakery.Events.AspNetCore.xproj", "{A103E6E1-7CA3-4073-BB4B-A4034182A4F9}"
EndProject
Project("{8BB2217D-0F2D-49D1-97BC-3654ED321F3B}") = "Bakery.Processes", "src\Bakery.Processes\Bakery.Processes.xproj", "{DCD5D029-55A8-4456-9A75-91E7F6E6E1D4}"
EndProject
Project("{8BB2217D-0F2D-49D1-97BC-3654ED321F3B}") = "Bakery.Collections", "src\Bakery.Collections\Bakery.Collections.xproj", "{47909B20-DA59-4728-B286-4E6E5253AE01}"
EndProject
Project("{8BB2217D-0F2D-49D1-97BC-3654ED321F3B}") = "Bakery.Exceptions", "src\Bakery.Exceptions\Bakery.Exceptions.xproj", "{86BA9482-63A5-4BAA-B354-F7AD5BF2EB6A}"
EndProject
Project("{8BB2217D-0F2D-49D1-97BC-3654ED321F3B}") = "Bakery.Collections.Tests", "test\Bakery.Collections.Tests\Bakery.Collections.Tests.xproj", "{92C95A05-2F5C-4920-8B56-9E0FF8978A02}"
EndProject
Project("{8BB2217D-0F2D-49D1-97BC-3654ED321F3B}") = "Bakery.Processes.Tests", "test\Bakery.Processes.Tests\Bakery.Processes.Tests.xproj", "{D963B33E-B64E-4401-A550-5B1B99AFB396}"
EndProject
Global
	GlobalSection(SolutionConfigurationPlatforms) = preSolution
		Debug|Any CPU = Debug|Any CPU
		Release|Any CPU = Release|Any CPU
	EndGlobalSection
	GlobalSection(ProjectConfigurationPlatforms) = postSolution
		{068400C9-0DD2-4351-A10D-279188A0E957}.Debug|Any CPU.ActiveCfg = Debug|Any CPU
		{068400C9-0DD2-4351-A10D-279188A0E957}.Debug|Any CPU.Build.0 = Debug|Any CPU
		{068400C9-0DD2-4351-A10D-279188A0E957}.Release|Any CPU.ActiveCfg = Release|Any CPU
		{068400C9-0DD2-4351-A10D-279188A0E957}.Release|Any CPU.Build.0 = Release|Any CPU
		{CF8408F2-32B1-49F0-8E93-7CE079E47072}.Debug|Any CPU.ActiveCfg = Debug|Any CPU
		{CF8408F2-32B1-49F0-8E93-7CE079E47072}.Debug|Any CPU.Build.0 = Debug|Any CPU
		{CF8408F2-32B1-49F0-8E93-7CE079E47072}.Release|Any CPU.ActiveCfg = Release|Any CPU
		{CF8408F2-32B1-49F0-8E93-7CE079E47072}.Release|Any CPU.Build.0 = Release|Any CPU
		{22D988BB-64D7-4C79-98A8-D03D9DDC7862}.Debug|Any CPU.ActiveCfg = Debug|Any CPU
		{22D988BB-64D7-4C79-98A8-D03D9DDC7862}.Debug|Any CPU.Build.0 = Debug|Any CPU
		{22D988BB-64D7-4C79-98A8-D03D9DDC7862}.Release|Any CPU.ActiveCfg = Release|Any CPU
		{22D988BB-64D7-4C79-98A8-D03D9DDC7862}.Release|Any CPU.Build.0 = Release|Any CPU
		{E409D2DB-9FF7-4E16-9894-1FBA28B546A8}.Debug|Any CPU.ActiveCfg = Debug|Any CPU
		{E409D2DB-9FF7-4E16-9894-1FBA28B546A8}.Debug|Any CPU.Build.0 = Debug|Any CPU
		{E409D2DB-9FF7-4E16-9894-1FBA28B546A8}.Release|Any CPU.ActiveCfg = Release|Any CPU
		{E409D2DB-9FF7-4E16-9894-1FBA28B546A8}.Release|Any CPU.Build.0 = Release|Any CPU
		{58E883C5-26C4-4565-8045-FE8F2835C106}.Debug|Any CPU.ActiveCfg = Debug|Any CPU
		{58E883C5-26C4-4565-8045-FE8F2835C106}.Debug|Any CPU.Build.0 = Debug|Any CPU
		{58E883C5-26C4-4565-8045-FE8F2835C106}.Release|Any CPU.ActiveCfg = Release|Any CPU
		{58E883C5-26C4-4565-8045-FE8F2835C106}.Release|Any CPU.Build.0 = Release|Any CPU
		{A975BC28-6829-4739-B799-7149A5660252}.Debug|Any CPU.ActiveCfg = Debug|Any CPU
		{A975BC28-6829-4739-B799-7149A5660252}.Debug|Any CPU.Build.0 = Debug|Any CPU
		{A975BC28-6829-4739-B799-7149A5660252}.Release|Any CPU.ActiveCfg = Release|Any CPU
		{A975BC28-6829-4739-B799-7149A5660252}.Release|Any CPU.Build.0 = Release|Any CPU
		{20355BF2-ABC6-4DAA-8C3B-F18EF7CC36AE}.Debug|Any CPU.ActiveCfg = Debug|Any CPU
		{20355BF2-ABC6-4DAA-8C3B-F18EF7CC36AE}.Debug|Any CPU.Build.0 = Debug|Any CPU
		{20355BF2-ABC6-4DAA-8C3B-F18EF7CC36AE}.Release|Any CPU.ActiveCfg = Release|Any CPU
		{20355BF2-ABC6-4DAA-8C3B-F18EF7CC36AE}.Release|Any CPU.Build.0 = Release|Any CPU
		{E6864E89-3501-493B-8277-BC2F5B9C0CA0}.Debug|Any CPU.ActiveCfg = Debug|Any CPU
		{E6864E89-3501-493B-8277-BC2F5B9C0CA0}.Debug|Any CPU.Build.0 = Debug|Any CPU
		{E6864E89-3501-493B-8277-BC2F5B9C0CA0}.Release|Any CPU.ActiveCfg = Release|Any CPU
		{E6864E89-3501-493B-8277-BC2F5B9C0CA0}.Release|Any CPU.Build.0 = Release|Any CPU
		{6AEC0DF1-E5F0-4FF4-A302-F5F30BF1EC30}.Debug|Any CPU.ActiveCfg = Debug|Any CPU
		{6AEC0DF1-E5F0-4FF4-A302-F5F30BF1EC30}.Debug|Any CPU.Build.0 = Debug|Any CPU
		{6AEC0DF1-E5F0-4FF4-A302-F5F30BF1EC30}.Release|Any CPU.ActiveCfg = Release|Any CPU
		{6AEC0DF1-E5F0-4FF4-A302-F5F30BF1EC30}.Release|Any CPU.Build.0 = Release|Any CPU
		{6E9226E7-2D1A-47AC-8B9F-A86F57170C95}.Debug|Any CPU.ActiveCfg = Debug|Any CPU
		{6E9226E7-2D1A-47AC-8B9F-A86F57170C95}.Debug|Any CPU.Build.0 = Debug|Any CPU
		{6E9226E7-2D1A-47AC-8B9F-A86F57170C95}.Release|Any CPU.ActiveCfg = Release|Any CPU
		{6E9226E7-2D1A-47AC-8B9F-A86F57170C95}.Release|Any CPU.Build.0 = Release|Any CPU
		{678808FD-C3AD-478E-82F1-DBBFB217C712}.Debug|Any CPU.ActiveCfg = Debug|Any CPU
		{678808FD-C3AD-478E-82F1-DBBFB217C712}.Debug|Any CPU.Build.0 = Debug|Any CPU
		{678808FD-C3AD-478E-82F1-DBBFB217C712}.Release|Any CPU.ActiveCfg = Release|Any CPU
		{678808FD-C3AD-478E-82F1-DBBFB217C712}.Release|Any CPU.Build.0 = Release|Any CPU
		{515C87C4-C46A-4A07-8B36-8BBDBAA838E3}.Debug|Any CPU.ActiveCfg = Debug|Any CPU
		{515C87C4-C46A-4A07-8B36-8BBDBAA838E3}.Debug|Any CPU.Build.0 = Debug|Any CPU
		{515C87C4-C46A-4A07-8B36-8BBDBAA838E3}.Release|Any CPU.ActiveCfg = Release|Any CPU
		{515C87C4-C46A-4A07-8B36-8BBDBAA838E3}.Release|Any CPU.Build.0 = Release|Any CPU
		{08C912AC-6808-4B49-8C47-40E4610850FD}.Debug|Any CPU.ActiveCfg = Debug|Any CPU
		{08C912AC-6808-4B49-8C47-40E4610850FD}.Debug|Any CPU.Build.0 = Debug|Any CPU
		{08C912AC-6808-4B49-8C47-40E4610850FD}.Release|Any CPU.ActiveCfg = Release|Any CPU
		{08C912AC-6808-4B49-8C47-40E4610850FD}.Release|Any CPU.Build.0 = Release|Any CPU
		{68200EAD-9623-424E-B127-64113DCC81DA}.Debug|Any CPU.ActiveCfg = Debug|Any CPU
		{68200EAD-9623-424E-B127-64113DCC81DA}.Debug|Any CPU.Build.0 = Debug|Any CPU
		{68200EAD-9623-424E-B127-64113DCC81DA}.Release|Any CPU.ActiveCfg = Release|Any CPU
		{68200EAD-9623-424E-B127-64113DCC81DA}.Release|Any CPU.Build.0 = Release|Any CPU
		{0CB06DE4-D47E-4A8D-8EBC-476E52E573DB}.Debug|Any CPU.ActiveCfg = Debug|Any CPU
		{0CB06DE4-D47E-4A8D-8EBC-476E52E573DB}.Debug|Any CPU.Build.0 = Debug|Any CPU
		{0CB06DE4-D47E-4A8D-8EBC-476E52E573DB}.Release|Any CPU.ActiveCfg = Release|Any CPU
		{0CB06DE4-D47E-4A8D-8EBC-476E52E573DB}.Release|Any CPU.Build.0 = Release|Any CPU
		{A698BC8E-9A64-4B7D-8EC2-336450080B63}.Debug|Any CPU.ActiveCfg = Debug|Any CPU
		{A698BC8E-9A64-4B7D-8EC2-336450080B63}.Debug|Any CPU.Build.0 = Debug|Any CPU
		{A698BC8E-9A64-4B7D-8EC2-336450080B63}.Release|Any CPU.ActiveCfg = Release|Any CPU
		{A698BC8E-9A64-4B7D-8EC2-336450080B63}.Release|Any CPU.Build.0 = Release|Any CPU
		{A103E6E1-7CA3-4073-BB4B-A4034182A4F9}.Debug|Any CPU.ActiveCfg = Debug|Any CPU
		{A103E6E1-7CA3-4073-BB4B-A4034182A4F9}.Debug|Any CPU.Build.0 = Debug|Any CPU
		{A103E6E1-7CA3-4073-BB4B-A4034182A4F9}.Release|Any CPU.ActiveCfg = Release|Any CPU
		{A103E6E1-7CA3-4073-BB4B-A4034182A4F9}.Release|Any CPU.Build.0 = Release|Any CPU
		{DCD5D029-55A8-4456-9A75-91E7F6E6E1D4}.Debug|Any CPU.ActiveCfg = Debug|Any CPU
		{DCD5D029-55A8-4456-9A75-91E7F6E6E1D4}.Debug|Any CPU.Build.0 = Debug|Any CPU
		{DCD5D029-55A8-4456-9A75-91E7F6E6E1D4}.Release|Any CPU.ActiveCfg = Release|Any CPU
		{DCD5D029-55A8-4456-9A75-91E7F6E6E1D4}.Release|Any CPU.Build.0 = Release|Any CPU
		{47909B20-DA59-4728-B286-4E6E5253AE01}.Debug|Any CPU.ActiveCfg = Debug|Any CPU
		{47909B20-DA59-4728-B286-4E6E5253AE01}.Debug|Any CPU.Build.0 = Debug|Any CPU
		{47909B20-DA59-4728-B286-4E6E5253AE01}.Release|Any CPU.ActiveCfg = Release|Any CPU
		{47909B20-DA59-4728-B286-4E6E5253AE01}.Release|Any CPU.Build.0 = Release|Any CPU
		{86BA9482-63A5-4BAA-B354-F7AD5BF2EB6A}.Debug|Any CPU.ActiveCfg = Debug|Any CPU
		{86BA9482-63A5-4BAA-B354-F7AD5BF2EB6A}.Debug|Any CPU.Build.0 = Debug|Any CPU
		{86BA9482-63A5-4BAA-B354-F7AD5BF2EB6A}.Release|Any CPU.ActiveCfg = Release|Any CPU
		{86BA9482-63A5-4BAA-B354-F7AD5BF2EB6A}.Release|Any CPU.Build.0 = Release|Any CPU
		{92C95A05-2F5C-4920-8B56-9E0FF8978A02}.Debug|Any CPU.ActiveCfg = Debug|Any CPU
		{92C95A05-2F5C-4920-8B56-9E0FF8978A02}.Debug|Any CPU.Build.0 = Debug|Any CPU
		{92C95A05-2F5C-4920-8B56-9E0FF8978A02}.Release|Any CPU.ActiveCfg = Release|Any CPU
		{92C95A05-2F5C-4920-8B56-9E0FF8978A02}.Release|Any CPU.Build.0 = Release|Any CPU
		{D963B33E-B64E-4401-A550-5B1B99AFB396}.Debug|Any CPU.ActiveCfg = Debug|Any CPU
		{D963B33E-B64E-4401-A550-5B1B99AFB396}.Debug|Any CPU.Build.0 = Debug|Any CPU
		{D963B33E-B64E-4401-A550-5B1B99AFB396}.Release|Any CPU.ActiveCfg = Release|Any CPU
		{D963B33E-B64E-4401-A550-5B1B99AFB396}.Release|Any CPU.Build.0 = Release|Any CPU
	EndGlobalSection
	GlobalSection(SolutionProperties) = preSolution
		HideSolutionNode = FALSE
	EndGlobalSection
	GlobalSection(NestedProjects) = preSolution
		{068400C9-0DD2-4351-A10D-279188A0E957} = {89EA03FA-9EF5-4F63-9984-A0AD616B462B}
		{CF8408F2-32B1-49F0-8E93-7CE079E47072} = {89EA03FA-9EF5-4F63-9984-A0AD616B462B}
		{22D988BB-64D7-4C79-98A8-D03D9DDC7862} = {89EA03FA-9EF5-4F63-9984-A0AD616B462B}
		{E409D2DB-9FF7-4E16-9894-1FBA28B546A8} = {89EA03FA-9EF5-4F63-9984-A0AD616B462B}
		{58E883C5-26C4-4565-8045-FE8F2835C106} = {89EA03FA-9EF5-4F63-9984-A0AD616B462B}
		{A975BC28-6829-4739-B799-7149A5660252} = {89EA03FA-9EF5-4F63-9984-A0AD616B462B}
		{20355BF2-ABC6-4DAA-8C3B-F18EF7CC36AE} = {89EA03FA-9EF5-4F63-9984-A0AD616B462B}
		{E6864E89-3501-493B-8277-BC2F5B9C0CA0} = {89EA03FA-9EF5-4F63-9984-A0AD616B462B}
		{6AEC0DF1-E5F0-4FF4-A302-F5F30BF1EC30} = {89EA03FA-9EF5-4F63-9984-A0AD616B462B}
		{6E9226E7-2D1A-47AC-8B9F-A86F57170C95} = {89EA03FA-9EF5-4F63-9984-A0AD616B462B}
		{678808FD-C3AD-478E-82F1-DBBFB217C712} = {89EA03FA-9EF5-4F63-9984-A0AD616B462B}
		{515C87C4-C46A-4A07-8B36-8BBDBAA838E3} = {C5A56764-9753-4CE3-9BA7-DD01FA00C451}
		{08C912AC-6808-4B49-8C47-40E4610850FD} = {C5A56764-9753-4CE3-9BA7-DD01FA00C451}
		{68200EAD-9623-424E-B127-64113DCC81DA} = {89EA03FA-9EF5-4F63-9984-A0AD616B462B}
		{0CB06DE4-D47E-4A8D-8EBC-476E52E573DB} = {89EA03FA-9EF5-4F63-9984-A0AD616B462B}
		{A698BC8E-9A64-4B7D-8EC2-336450080B63} = {89EA03FA-9EF5-4F63-9984-A0AD616B462B}
		{A103E6E1-7CA3-4073-BB4B-A4034182A4F9} = {89EA03FA-9EF5-4F63-9984-A0AD616B462B}
		{DCD5D029-55A8-4456-9A75-91E7F6E6E1D4} = {89EA03FA-9EF5-4F63-9984-A0AD616B462B}
		{47909B20-DA59-4728-B286-4E6E5253AE01} = {89EA03FA-9EF5-4F63-9984-A0AD616B462B}
		{86BA9482-63A5-4BAA-B354-F7AD5BF2EB6A} = {89EA03FA-9EF5-4F63-9984-A0AD616B462B}
		{92C95A05-2F5C-4920-8B56-9E0FF8978A02} = {C5A56764-9753-4CE3-9BA7-DD01FA00C451}
		{D963B33E-B64E-4401-A550-5B1B99AFB396} = {C5A56764-9753-4CE3-9BA7-DD01FA00C451}
	EndGlobalSection
EndGlobal
